{
  "name": "react-music-player",
  "version": "1.0.0",
  "lockfileVersion": 1,
  "requires": true,
  "dependencies": {
    "ansi-styles": {
      "version": "3.2.0",
      "resolved": "http://registry.npm.taobao.org/ansi-styles/download/ansi-styles-3.2.0.tgz",
      "integrity": "sha1-wVm41b4PnlpvNG2rlPFs4CIWG4g=",
      "requires": {
        "color-convert": "1.9.0"
      }
    },
    "asap": {
      "version": "2.0.6",
      "resolved": "http://registry.npm.taobao.org/asap/download/asap-2.0.6.tgz",
      "integrity": "sha1-5QNHYR1+aQlDIIu9r+vLwvuGbUY="
    },
    "autoprefixer": {
      "version": "7.1.5",
      "resolved": "http://registry.npm.taobao.org/autoprefixer/download/autoprefixer-7.1.5.tgz",
      "requires": {
        "browserslist": "2.5.1",
        "caniuse-lite": "1.0.30000746",
        "normalize-range": "0.1.2",
        "num2fraction": "1.2.2",
        "postcss": "6.0.13",
        "postcss-value-parser": "3.3.0"
      }
    },
    "browserslist": {
      "version": "2.5.1",
      "resolved": "http://registry.npm.taobao.org/browserslist/download/browserslist-2.5.1.tgz",
      "integrity": "sha1-aOS8U2u8xghtYoQ6L/zOqDloIcY=",
      "requires": {
        "caniuse-lite": "1.0.30000746",
        "electron-to-chromium": "1.3.26"
      }
    },
    "caniuse-lite": {
      "version": "1.0.30000746",
      "resolved": "http://registry.npm.taobao.org/caniuse-lite/download/caniuse-lite-1.0.30000746.tgz",
      "integrity": "sha1-xk+Vo5Jc/TAgejCO12wa6W6gnqA="
    },
    "chalk": {
      "version": "2.1.0",
      "resolved": "http://registry.npm.taobao.org/chalk/download/chalk-2.1.0.tgz",
      "integrity": "sha1-rFvs8U+iG5nGySynp9fP1bF+dD4=",
      "requires": {
        "ansi-styles": "3.2.0",
        "escape-string-regexp": "1.0.5",
        "supports-color": "4.4.0"
      }
    },
    "color-convert": {
      "version": "1.9.0",
      "resolved": "http://registry.npm.taobao.org/color-convert/download/color-convert-1.9.0.tgz",
      "integrity": "sha1-Gsz5fdc5uYO/mU1W/sj5WFNkG3o=",
      "requires": {
        "color-name": "1.1.3"
      }
    },
    "color-name": {
      "version": "1.1.3",
      "resolved": "http://registry.npm.taobao.org/color-name/download/color-name-1.1.3.tgz",
      "integrity": "sha1-p9BVi9icQveV3UIyj3QIMcpTvCU="
    },
    "core-js": {
      "version": "1.2.7",
      "resolved": "http://registry.npm.taobao.org/core-js/download/core-js-1.2.7.tgz",
      "integrity": "sha1-ZSKUwUZR2yj6k70tX/KYOk8IxjY="
    },
    "dom-walk": {
      "version": "0.1.1",
      "resolved": "http://registry.npm.taobao.org/dom-walk/download/dom-walk-0.1.1.tgz",
      "integrity": "sha1-ZyIm3HTI95mtNTB9+TaroRrNYBg="
    },
    "electron-to-chromium": {
      "version": "1.3.26",
      "resolved": "http://registry.npm.taobao.org/electron-to-chromium/download/electron-to-chromium-1.3.26.tgz",
      "integrity": "sha1-mWQnKUhhp02cfIK5Jg6jAejALWY="
    },
    "encoding": {
      "version": "0.1.12",
      "resolved": "http://registry.npm.taobao.org/encoding/download/encoding-0.1.12.tgz",
      "integrity": "sha1-U4tm8+5izRq1HsMjgp0flIDHS+s=",
      "requires": {
        "iconv-lite": "0.4.19"
      }
    },
    "error-stack-parser": {
      "version": "1.3.6",
      "resolved": "http://registry.npm.taobao.org/error-stack-parser/download/error-stack-parser-1.3.6.tgz",
      "integrity": "sha1-4Oc7k+QXE40c18C3RrGkoUhUwpI=",
      "requires": {
        "stackframe": "0.3.1"
      }
    },
    "escape-string-regexp": {
      "version": "1.0.5",
      "resolved": "http://registry.npm.taobao.org/escape-string-regexp/download/escape-string-regexp-1.0.5.tgz",
      "integrity": "sha1-G2HAViGQqN/2rjuyzwIAyhMLhtQ="
    },
    "fbjs": {
      "version": "0.8.16",
      "resolved": "http://registry.npm.taobao.org/fbjs/download/fbjs-0.8.16.tgz",
      "integrity": "sha1-XmdDL1UNxBtXK/VYR7ispk5TN9s=",
      "requires": {
        "core-js": "1.2.7",
        "isomorphic-fetch": "2.2.1",
        "loose-envify": "1.3.1",
        "object-assign": "4.1.1",
        "promise": "7.3.1",
        "setimmediate": "1.0.5",
        "ua-parser-js": "0.7.17"
      }
    },
    "global": {
      "version": "4.3.2",
      "resolved": "http://registry.npm.taobao.org/global/download/global-4.3.2.tgz",
      "integrity": "sha1-52mJJopsdMOJCLEwWxD8DjlOnQ8=",
      "requires": {
        "min-document": "2.19.0",
        "process": "0.5.2"
      }
    },
    "has-flag": {
      "version": "2.0.0",
      "resolved": "http://registry.npm.taobao.org/has-flag/download/has-flag-2.0.0.tgz",
      "integrity": "sha1-6CB68cx7MNRGzHC3NLXovhj4jVE="
    },
    "history": {
      "version": "4.7.2",
      "resolved": "http://registry.npm.taobao.org/history/download/history-4.7.2.tgz",
      "integrity": "sha1-IrXH8xYzxbgCHH9KipVKwTnujVs=",
      "requires": {
        "invariant": "2.2.2",
        "loose-envify": "1.3.1",
        "resolve-pathname": "2.2.0",
        "value-equal": "0.4.0",
        "warning": "3.0.0"
      }
    },
    "hoist-non-react-statics": {
      "version": "2.3.1",
      "resolved": "http://registry.npm.taobao.org/hoist-non-react-statics/download/hoist-non-react-statics-2.3.1.tgz",
      "integrity": "sha1-ND24TGAYxlB3iJgkATWhQg7iLOA="
    },
    "iconv-lite": {
      "version": "0.4.19",
      "resolved": "http://registry.npm.taobao.org/iconv-lite/download/iconv-lite-0.4.19.tgz",
      "integrity": "sha1-90aPYBNfXl2tM5nAqBvpoWA6CCs="
    },
    "invariant": {
      "version": "2.2.2",
      "resolved": "http://registry.npm.taobao.org/invariant/download/invariant-2.2.2.tgz",
      "integrity": "sha1-nh9WrArNtr8wMwbzOL47IErmA2A=",
      "requires": {
        "loose-envify": "1.3.1"
      }
    },
    "is-stream": {
      "version": "1.1.0",
      "resolved": "http://registry.npm.taobao.org/is-stream/download/is-stream-1.1.0.tgz",
      "integrity": "sha1-EtSj3U5o4Lec6428hBc66A2RykQ="
    },
    "isarray": {
      "version": "0.0.1",
      "resolved": "http://registry.npm.taobao.org/isarray/download/isarray-0.0.1.tgz",
      "integrity": "sha1-ihis/Kmo9Bd+Cav8YDiTmwXR7t8="
    },
    "isomorphic-fetch": {
      "version": "2.2.1",
      "resolved": "http://registry.npm.taobao.org/isomorphic-fetch/download/isomorphic-fetch-2.2.1.tgz",
      "integrity": "sha1-YRrhrPFPXoH3KVB0coGf6XM1WKk=",
      "requires": {
        "node-fetch": "1.7.3",
        "whatwg-fetch": "2.0.3"
      }
    },
    "js-tokens": {
      "version": "3.0.2",
      "resolved": "http://registry.npm.taobao.org/js-tokens/download/js-tokens-3.0.2.tgz",
      "integrity": "sha1-mGbfOVECEw449/mWvOtlRDIJwls="
    },
    "less-loader": {
      "version": "4.0.5",
      "resolved": "http://registry.npm.taobao.org/less-loader/download/less-loader-4.0.5.tgz",
      "integrity": "sha1-rhVadAbKxqzSk9eFWH/P8PR4xN0=",
      "requires": {
        "clone": "2.1.1",
        "loader-utils": "1.1.0",
        "pify": "2.3.0"
      },
      "dependencies": {
        "big.js": {
          "version": "3.2.0",
          "resolved": "http://registry.npm.taobao.org/big.js/download/big.js-3.2.0.tgz",
          "integrity": "sha1-pfwpi4G54Nyi5FiCR4S2XFK6WI4="
        },
        "clone": {
          "version": "2.1.1",
          "resolved": "http://registry.npm.taobao.org/clone/download/clone-2.1.1.tgz",
          "integrity": "sha1-0hfR6WERjjrJpLi7oyhVU79kfNs="
        },
        "emojis-list": {
          "version": "2.1.0",
          "resolved": "http://registry.npm.taobao.org/emojis-list/download/emojis-list-2.1.0.tgz",
          "integrity": "sha1-TapNnbAPmBmIDHn6RXrlsJof04k="
        },
        "json5": {
          "version": "0.5.1",
          "resolved": "http://registry.npm.taobao.org/json5/download/json5-0.5.1.tgz",
          "integrity": "sha1-Hq3nrMASA0rYTiOWdn6tn6VJWCE="
        },
        "loader-utils": {
          "version": "1.1.0",
          "resolved": "http://registry.npm.taobao.org/loader-utils/download/loader-utils-1.1.0.tgz",
          "integrity": "sha1-yYrvSIvM7aL/teLeZG1qdUQp9c0=",
          "requires": {
            "big.js": "3.2.0",
            "emojis-list": "2.1.0",
            "json5": "0.5.1"
          }
        },
        "pify": {
          "version": "2.3.0",
          "resolved": "http://registry.npm.taobao.org/pify/download/pify-2.3.0.tgz",
          "integrity": "sha1-7RQaasBDqEnqWISY59yosVMw6Qw="
        }
      }
    },
    "lodash": {
      "version": "4.17.4",
      "resolved": "http://registry.npm.taobao.org/lodash/download/lodash-4.17.4.tgz",
      "integrity": "sha1-eCA6TRwyiuHYbcpkYONptX9AVa4="
    },
    "loose-envify": {
      "version": "1.3.1",
      "resolved": "http://registry.npm.taobao.org/loose-envify/download/loose-envify-1.3.1.tgz",
      "integrity": "sha1-0aitM/qc4OcT1l/dCsi3SNR4yEg=",
      "requires": {
        "js-tokens": "3.0.2"
      }
    },
    "min-document": {
      "version": "2.19.0",
      "resolved": "http://registry.npm.taobao.org/min-document/download/min-document-2.19.0.tgz",
      "integrity": "sha1-e9KC4/WELtKVu3SM3Z8f+iyCRoU=",
      "requires": {
        "dom-walk": "0.1.1"
      }
    },
    "node-fetch": {
      "version": "1.7.3",
      "resolved": "http://registry.npm.taobao.org/node-fetch/download/node-fetch-1.7.3.tgz",
      "integrity": "sha1-mA9vcthSEaU0fGsrwYxbhMPrR+8=",
      "requires": {
        "encoding": "0.1.12",
        "is-stream": "1.1.0"
      }
    },
    "normalize-range": {
      "version": "0.1.2",
      "resolved": "http://registry.npm.taobao.org/normalize-range/download/normalize-range-0.1.2.tgz",
      "integrity": "sha1-LRDAa9/TEuqXd2laTShDlFa3WUI="
    },
    "num2fraction": {
      "version": "1.2.2",
      "resolved": "http://registry.npm.taobao.org/num2fraction/download/num2fraction-1.2.2.tgz",
      "integrity": "sha1-b2gragJ6Tp3fpFZM0lidHU5mnt4="
    },
    "object-assign": {
      "version": "4.1.1",
      "resolved": "http://registry.npm.taobao.org/object-assign/download/object-assign-4.1.1.tgz",
      "integrity": "sha1-IQmtx5ZYh8/AXLvUQsrIv7s2CGM="
    },
    "path-to-regexp": {
      "version": "1.7.0",
      "resolved": "http://registry.npm.taobao.org/path-to-regexp/download/path-to-regexp-1.7.0.tgz",
      "integrity": "sha1-Wf3g9DW62suhA6hOnTvGTpa5k30=",
      "requires": {
        "isarray": "0.0.1"
      }
    },
    "postcss": {
      "version": "6.0.13",
      "resolved": "http://registry.npm.taobao.org/postcss/download/postcss-6.0.13.tgz",
      "integrity": "sha1-ueyrTuAMids+yTEUW9lZC78/El8=",
      "requires": {
        "chalk": "2.1.0",
        "source-map": "0.6.1",
        "supports-color": "4.4.0"
      }
    },
    "postcss-value-parser": {
      "version": "3.3.0",
      "resolved": "http://registry.npm.taobao.org/postcss-value-parser/download/postcss-value-parser-3.3.0.tgz",
      "integrity": "sha1-h/OPnxj3dKSrTIojL1xc6IcqnRU="
    },
    "process": {
      "version": "0.5.2",
      "resolved": "http://registry.npm.taobao.org/process/download/process-0.5.2.tgz",
      "integrity": "sha1-FjjYqONML0QKkduVq5rrZ3/Bhc8="
    },
    "promise": {
      "version": "7.3.1",
      "resolved": "http://registry.npm.taobao.org/promise/download/promise-7.3.1.tgz",
      "integrity": "sha1-BktyYCsY+Q8pGSuLG8QY/9Hr078=",
      "requires": {
        "asap": "2.0.6"
      }
    },
    "prop-types": {
      "version": "15.6.0",
      "resolved": "http://registry.npm.taobao.org/prop-types/download/prop-types-15.6.0.tgz",
      "integrity": "sha1-zq8IMCL8RrSjX2nhPvda7Q1jmFY=",
      "requires": {
        "fbjs": "0.8.16",
        "loose-envify": "1.3.1",
        "object-assign": "4.1.1"
      }
    },
    "react-deep-force-update": {
      "version": "2.1.1",
      "resolved": "http://registry.npm.taobao.org/react-deep-force-update/download/react-deep-force-update-2.1.1.tgz",
      "integrity": "sha1-jqQmPNZFWgULN0RbPwj9g52G6Qk="
    },
    "react-dom": {
      "version": "16.0.0",
      "resolved": "http://registry.npm.taobao.org/react-dom/download/react-dom-16.0.0.tgz",
      "integrity": "sha1-nMMHnD3NcNTG4BuEqrKn40wwP1g=",
      "requires": {
        "fbjs": "0.8.16",
        "loose-envify": "1.3.1",
        "object-assign": "4.1.1",
        "prop-types": "15.6.0"
      }
    },
    "react-hot-loader": {
      "version": "3.1.1",
      "resolved": "http://registry.npm.taobao.org/react-hot-loader/download/react-hot-loader-3.1.1.tgz",
      "integrity": "sha1-4G24zQhBxB46sLOVsrd0Em/IkU4=",
      "requires": {
        "global": "4.3.2",
        "react-deep-force-update": "2.1.1",
        "react-proxy": "3.0.0-alpha.1",
        "redbox-react": "1.5.0",
        "source-map": "0.6.1"
      }
    },
    "react-proxy": {
      "version": "3.0.0-alpha.1",
      "resolved": "http://registry.npm.taobao.org/react-proxy/download/react-proxy-3.0.0-alpha.1.tgz",
      "integrity": "sha1-RABCa8+oDKpnJMd1VpUxUgn6Swc=",
      "requires": {
        "lodash": "4.17.4"
      }
    },
    "react-router": {
      "version": "4.2.0",
      "resolved": "http://registry.npm.taobao.org/react-router/download/react-router-4.2.0.tgz",
      "integrity": "sha1-Yfez43cNrrJAYtrj7t7xsFQVWYY=",
      "requires": {
        "history": "4.7.2",
        "hoist-non-react-statics": "2.3.1",
        "invariant": "2.2.2",
        "loose-envify": "1.3.1",
        "path-to-regexp": "1.7.0",
        "prop-types": "15.6.0",
        "warning": "3.0.0"
      }
    },
    "redbox-react": {
      "version": "1.5.0",
      "resolved": "http://registry.npm.taobao.org/redbox-react/download/redbox-react-1.5.0.tgz",
      "integrity": "sha1-BNqxFVfSZlG/NWKmfCKs5WxdOWc=",
      "requires": {
        "error-stack-parser": "1.3.6",
        "object-assign": "4.1.1",
        "prop-types": "15.6.0",
        "sourcemapped-stacktrace": "1.1.7"
      }
    },
    "resolve-pathname": {
      "version": "2.2.0",
      "resolved": "http://registry.npm.taobao.org/resolve-pathname/download/resolve-pathname-2.2.0.tgz",
      "integrity": "sha1-fpriHtgV/WOrGJre7mTcgx7vqHk="
    },
    "setimmediate": {
      "version": "1.0.5",
      "resolved": "http://registry.npm.taobao.org/setimmediate/download/setimmediate-1.0.5.tgz",
      "integrity": "sha1-KQy7Iy4waULX1+qbg3Mqt4VvgoU="
    },
    "source-map": {
      "version": "0.6.1",
      "resolved": "http://registry.npm.taobao.org/source-map/download/source-map-0.6.1.tgz",
      "integrity": "sha1-dHIq8y6WFOnCh6jQu95IteLxomM="
    },
    "sourcemapped-stacktrace": {
      "version": "1.1.7",
      "resolved": "http://registry.npm.taobao.org/sourcemapped-stacktrace/download/sourcemapped-stacktrace-1.1.7.tgz",
      "integrity": "sha1-F+BTdP94txqdia05daSfInJbqTU=",
      "requires": {
        "source-map": "0.5.6"
      },
      "dependencies": {
        "source-map": {
          "version": "0.5.6",
          "resolved": "http://registry.npm.taobao.org/source-map/download/source-map-0.5.6.tgz",
          "integrity": "sha1-dc449SvwczxafwwRjYEzSiu19BI="
        }
      }
    },
    "stackframe": {
      "version": "0.3.1",
      "resolved": "http://registry.npm.taobao.org/stackframe/download/stackframe-0.3.1.tgz",
      "integrity": "sha1-M6qE8Rd6VUjIk1Uzy/6zQgl19aQ="
    },
    "supports-color": {
      "version": "4.4.0",
      "resolved": "http://registry.npm.taobao.org/supports-color/download/supports-color-4.4.0.tgz",
      "integrity": "sha1-iD992rwWUUKyphQn8zUt7RldGj4=",
      "requires": {
        "has-flag": "2.0.0"
      }
    },
    "ua-parser-js": {
      "version": "0.7.17",
      "resolved": "http://registry.npm.taobao.org/ua-parser-js/download/ua-parser-js-0.7.17.tgz",
      "integrity": "sha1-6exflJi57JEOeuOsYmqAXE0J7Kw="
    },
    "value-equal": {
      "version": "0.4.0",
      "resolved": "http://registry.npm.taobao.org/value-equal/download/value-equal-0.4.0.tgz",
      "integrity": "sha1-xb3S9U7gk8BIOdcc4uR1imiQq8c="
    },
    "warning": {
      "version": "3.0.0",
      "resolved": "http://registry.npm.taobao.org/warning/download/warning-3.0.0.tgz",
      "integrity": "sha1-MuU3fLVy3kqwR1O9+IIcAe1gW3w=",
      "requires": {
        "loose-envify": "1.3.1"
      }
    },
    "whatwg-fetch": {
      "version": "2.0.3",
      "resolved": "http://registry.npm.taobao.org/whatwg-fetch/download/whatwg-fetch-2.0.3.tgz",
      "integrity": "sha1-nITsLc9oGH/wC8ZOEnS0QhduHIQ="
    }
  }
}
